
Microsoft Visual Studio Solution File, Format Version 12.00
# Visual Studio 15
VisualStudioVersion = 15.0.28010.2003
MinimumVisualStudioVersion = 10.0.40219.1
Project("{9A19103F-16F7-4668-BE54-9A1E7A4F7556}") = "RestCustomerServiceCoreY", "RestCustomerServiceCoreX\RestCustomerServiceCoreY.csproj", "{84D814EE-8D12-42F0-B518-3135B7B4B6E1}"
EndProject
Project("{FAE04EC0-301F-11D3-BF4B-00C04F79EFBC}") = "UnitTestCustomer", "UnitTestCustomer\UnitTestCustomer.csproj", "{548DA0EB-D93A-45AB-993A-ECE49FF8E174}"
EndProject
Global
	GlobalSection(SolutionConfigurationPlatforms) = preSolution
		Debug|Any CPU = Debug|Any CPU
		Release|Any CPU = Release|Any CPU
	EndGlobalSection
	GlobalSection(ProjectConfigurationPlatforms) = postSolution
		{84D814EE-8D12-42F0-B518-3135B7B4B6E1}.Debug|Any CPU.ActiveCfg = Debug|Any CPU
		{84D814EE-8D12-42F0-B518-3135B7B4B6E1}.Debug|Any CPU.Build.0 = Debug|Any CPU
		{84D814EE-8D12-42F0-B518-3135B7B4B6E1}.Release|Any CPU.ActiveCfg = Release|Any CPU
		{84D814EE-8D12-42F0-B518-3135B7B4B6E1}.Release|Any CPU.Build.0 = Release|Any CPU
		{548DA0EB-D93A-45AB-993A-ECE49FF8E174}.Debug|Any CPU.ActiveCfg = Debug|Any CPU
		{548DA0EB-D93A-45AB-993A-ECE49FF8E174}.Debug|Any CPU.Build.0 = Debug|Any CPU
		{548DA0EB-D93A-45AB-993A-ECE49FF8E174}.Release|Any CPU.ActiveCfg = Release|Any CPU
		{548DA0EB-D93A-45AB-993A-ECE49FF8E174}.Release|Any CPU.Build.0 = Release|Any CPU
	EndGlobalSection
	GlobalSection(SolutionProperties) = preSolution
		HideSolutionNode = FALSE
	EndGlobalSection
	GlobalSection(ExtensibilityGlobals) = postSolution
		SolutionGuid = {EAB57D48-A7BF-4977-8713-3B9146FB09FA}
	EndGlobalSection
EndGlobal
